
Microsoft Visual Studio Solution File, Format Version 12.00
# Visual Studio 2012
Project("{FAE04EC0-301F-11D3-BF4B-00C04F79EFBC}") = "MakingDecision", "MakingDecision\MakingDecision.csproj", "{8E5AA21C-26B4-42F5-A0B3-519492012F79}"
EndProject
Project("{FAE04EC0-301F-11D3-BF4B-00C04F79EFBC}") = "OddEven", "OddEven\OddEven.csproj", "{3EE2D1F7-D607-4623-AE9E-63DA0D75AE82}"
EndProject
Project("{FAE04EC0-301F-11D3-BF4B-00C04F79EFBC}") = "OddEven_IFELSE", "OddEven_IFELSE\OddEven_IFELSE.csproj", "{3963FB01-5DE5-43D6-B49F-7AEC39AA5C29}"
EndProject
Global
	GlobalSection(SolutionConfigurationPlatforms) = preSolution
		Debug|Any CPU = Debug|Any CPU
		Release|Any CPU = Release|Any CPU
	EndGlobalSection
	GlobalSection(ProjectConfigurationPlatforms) = postSolution
		{8E5AA21C-26B4-42F5-A0B3-519492012F79}.Debug|Any CPU.ActiveCfg = Debug|Any CPU
		{8E5AA21C-26B4-42F5-A0B3-519492012F79}.Debug|Any CPU.Build.0 = Debug|Any CPU
		{8E5AA21C-26B4-42F5-A0B3-519492012F79}.Release|Any CPU.ActiveCfg = Release|Any CPU
		{8E5AA21C-26B4-42F5-A0B3-519492012F79}.Release|Any CPU.Build.0 = Release|Any CPU
		{3EE2D1F7-D607-4623-AE9E-63DA0D75AE82}.Debug|Any CPU.ActiveCfg = Debug|Any CPU
		{3EE2D1F7-D607-4623-AE9E-63DA0D75AE82}.Debug|Any CPU.Build.0 = Debug|Any CPU
		{3EE2D1F7-D607-4623-AE9E-63DA0D75AE82}.Release|Any CPU.ActiveCfg = Release|Any CPU
		{3EE2D1F7-D607-4623-AE9E-63DA0D75AE82}.Release|Any CPU.Build.0 = Release|Any CPU
		{3963FB01-5DE5-43D6-B49F-7AEC39AA5C29}.Debug|Any CPU.ActiveCfg = Debug|Any CPU
		{3963FB01-5DE5-43D6-B49F-7AEC39AA5C29}.Debug|Any CPU.Build.0 = Debug|Any CPU
		{3963FB01-5DE5-43D6-B49F-7AEC39AA5C29}.Release|Any CPU.ActiveCfg = Release|Any CPU
		{3963FB01-5DE5-43D6-B49F-7AEC39AA5C29}.Release|Any CPU.Build.0 = Release|Any CPU
	EndGlobalSection
	GlobalSection(SolutionProperties) = preSolution
		HideSolutionNode = FALSE
	EndGlobalSection
EndGlobal
