
Microsoft Visual Studio Solution File, Format Version 12.00
# Visual Studio 2012
Project("{FAE04EC0-301F-11D3-BF4B-00C04F79EFBC}") = "MakingDecision", "MakingDecision\MakingDecision.csproj", "{8E5AA21C-26B4-42F5-A0B3-519492012F79}"
EndProject
Project("{FAE04EC0-301F-11D3-BF4B-00C04F79EFBC}") = "OddEven", "OddEven\OddEven.csproj", "{3EE2D1F7-D607-4623-AE9E-63DA0D75AE82}"
EndProject
Project("{FAE04EC0-301F-11D3-BF4B-00C04F79EFBC}") = "OddEven_IFELSE", "OddEven_IFELSE\OddEven_IFELSE.csproj", "{3963FB01-5DE5-43D6-B49F-7AEC39AA5C29}"
EndProject
Project("{FAE04EC0-301F-11D3-BF4B-00C04F79EFBC}") = "OddEven_Ternary", "OddEven_Ternary\OddEven_Ternary.csproj", "{85483C24-4AA4-4F4F-8E60-3C71BE029605}"
EndProject
Project("{FAE04EC0-301F-11D3-BF4B-00C04F79EFBC}") = "NestedIf", "NestedIf\NestedIf.csproj", "{D1C05A3C-78D4-4182-B549-4FA5570F403F}"
EndProject
Project("{FAE04EC0-301F-11D3-BF4B-00C04F79EFBC}") = "LeapYear", "LeapYear\LeapYear.csproj", "{E66938EA-205A-46BF-BB0F-77B57EBBFAC2}"
EndProject
Project("{FAE04EC0-301F-11D3-BF4B-00C04F79EFBC}") = "SwitchDay", "SwitchDay\SwitchDay.csproj", "{42C70FFE-69D6-49DF-8422-30583FB6CCEF}"
EndProject
Project("{FAE04EC0-301F-11D3-BF4B-00C04F79EFBC}") = "ForLoop", "ForLoop\ForLoop.csproj", "{534FBA77-6B89-405F-A037-42BF93A31DDA}"
EndProject
Project("{FAE04EC0-301F-11D3-BF4B-00C04F79EFBC}") = "NestedForLoop", "NestedForLoop\NestedForLoop.csproj", "{5519689E-1ACC-49AE-A3FC-9BEF393A292F}"
EndProject
Project("{FAE04EC0-301F-11D3-BF4B-00C04F79EFBC}") = "NestedWhileLoop", "NestedWhileLoop\NestedWhileLoop.csproj", "{D0ECF1FA-3C57-4D57-9ADA-9A51235140AE}"
EndProject
Project("{FAE04EC0-301F-11D3-BF4B-00C04F79EFBC}") = "DoWhile", "DoWhile\DoWhile.csproj", "{B3B1B09C-FE79-402E-BECA-73AEF79DD3B6}"
EndProject
Project("{FAE04EC0-301F-11D3-BF4B-00C04F79EFBC}") = "UseDebugger", "UseDebugger\UseDebugger.csproj", "{573B2743-895F-4201-AEE9-2CE2A087D722}"
EndProject
Global
	GlobalSection(SolutionConfigurationPlatforms) = preSolution
		Debug|Any CPU = Debug|Any CPU
		Release|Any CPU = Release|Any CPU
	EndGlobalSection
	GlobalSection(ProjectConfigurationPlatforms) = postSolution
		{8E5AA21C-26B4-42F5-A0B3-519492012F79}.Debug|Any CPU.ActiveCfg = Debug|Any CPU
		{8E5AA21C-26B4-42F5-A0B3-519492012F79}.Debug|Any CPU.Build.0 = Debug|Any CPU
		{8E5AA21C-26B4-42F5-A0B3-519492012F79}.Release|Any CPU.ActiveCfg = Release|Any CPU
		{8E5AA21C-26B4-42F5-A0B3-519492012F79}.Release|Any CPU.Build.0 = Release|Any CPU
		{3EE2D1F7-D607-4623-AE9E-63DA0D75AE82}.Debug|Any CPU.ActiveCfg = Debug|Any CPU
		{3EE2D1F7-D607-4623-AE9E-63DA0D75AE82}.Debug|Any CPU.Build.0 = Debug|Any CPU
		{3EE2D1F7-D607-4623-AE9E-63DA0D75AE82}.Release|Any CPU.ActiveCfg = Release|Any CPU
		{3EE2D1F7-D607-4623-AE9E-63DA0D75AE82}.Release|Any CPU.Build.0 = Release|Any CPU
		{3963FB01-5DE5-43D6-B49F-7AEC39AA5C29}.Debug|Any CPU.ActiveCfg = Debug|Any CPU
		{3963FB01-5DE5-43D6-B49F-7AEC39AA5C29}.Debug|Any CPU.Build.0 = Debug|Any CPU
		{3963FB01-5DE5-43D6-B49F-7AEC39AA5C29}.Release|Any CPU.ActiveCfg = Release|Any CPU
		{3963FB01-5DE5-43D6-B49F-7AEC39AA5C29}.Release|Any CPU.Build.0 = Release|Any CPU
		{85483C24-4AA4-4F4F-8E60-3C71BE029605}.Debug|Any CPU.ActiveCfg = Debug|Any CPU
		{85483C24-4AA4-4F4F-8E60-3C71BE029605}.Debug|Any CPU.Build.0 = Debug|Any CPU
		{85483C24-4AA4-4F4F-8E60-3C71BE029605}.Release|Any CPU.ActiveCfg = Release|Any CPU
		{85483C24-4AA4-4F4F-8E60-3C71BE029605}.Release|Any CPU.Build.0 = Release|Any CPU
		{D1C05A3C-78D4-4182-B549-4FA5570F403F}.Debug|Any CPU.ActiveCfg = Debug|Any CPU
		{D1C05A3C-78D4-4182-B549-4FA5570F403F}.Debug|Any CPU.Build.0 = Debug|Any CPU
		{D1C05A3C-78D4-4182-B549-4FA5570F403F}.Release|Any CPU.ActiveCfg = Release|Any CPU
		{D1C05A3C-78D4-4182-B549-4FA5570F403F}.Release|Any CPU.Build.0 = Release|Any CPU
		{E66938EA-205A-46BF-BB0F-77B57EBBFAC2}.Debug|Any CPU.ActiveCfg = Debug|Any CPU
		{E66938EA-205A-46BF-BB0F-77B57EBBFAC2}.Debug|Any CPU.Build.0 = Debug|Any CPU
		{E66938EA-205A-46BF-BB0F-77B57EBBFAC2}.Release|Any CPU.ActiveCfg = Release|Any CPU
		{E66938EA-205A-46BF-BB0F-77B57EBBFAC2}.Release|Any CPU.Build.0 = Release|Any CPU
		{42C70FFE-69D6-49DF-8422-30583FB6CCEF}.Debug|Any CPU.ActiveCfg = Debug|Any CPU
		{42C70FFE-69D6-49DF-8422-30583FB6CCEF}.Debug|Any CPU.Build.0 = Debug|Any CPU
		{42C70FFE-69D6-49DF-8422-30583FB6CCEF}.Release|Any CPU.ActiveCfg = Release|Any CPU
		{42C70FFE-69D6-49DF-8422-30583FB6CCEF}.Release|Any CPU.Build.0 = Release|Any CPU
		{534FBA77-6B89-405F-A037-42BF93A31DDA}.Debug|Any CPU.ActiveCfg = Debug|Any CPU
		{534FBA77-6B89-405F-A037-42BF93A31DDA}.Debug|Any CPU.Build.0 = Debug|Any CPU
		{534FBA77-6B89-405F-A037-42BF93A31DDA}.Release|Any CPU.ActiveCfg = Release|Any CPU
		{534FBA77-6B89-405F-A037-42BF93A31DDA}.Release|Any CPU.Build.0 = Release|Any CPU
		{5519689E-1ACC-49AE-A3FC-9BEF393A292F}.Debug|Any CPU.ActiveCfg = Debug|Any CPU
		{5519689E-1ACC-49AE-A3FC-9BEF393A292F}.Debug|Any CPU.Build.0 = Debug|Any CPU
		{5519689E-1ACC-49AE-A3FC-9BEF393A292F}.Release|Any CPU.ActiveCfg = Release|Any CPU
		{5519689E-1ACC-49AE-A3FC-9BEF393A292F}.Release|Any CPU.Build.0 = Release|Any CPU
		{D0ECF1FA-3C57-4D57-9ADA-9A51235140AE}.Debug|Any CPU.ActiveCfg = Debug|Any CPU
		{D0ECF1FA-3C57-4D57-9ADA-9A51235140AE}.Debug|Any CPU.Build.0 = Debug|Any CPU
		{D0ECF1FA-3C57-4D57-9ADA-9A51235140AE}.Release|Any CPU.ActiveCfg = Release|Any CPU
		{D0ECF1FA-3C57-4D57-9ADA-9A51235140AE}.Release|Any CPU.Build.0 = Release|Any CPU
		{B3B1B09C-FE79-402E-BECA-73AEF79DD3B6}.Debug|Any CPU.ActiveCfg = Debug|Any CPU
		{B3B1B09C-FE79-402E-BECA-73AEF79DD3B6}.Debug|Any CPU.Build.0 = Debug|Any CPU
		{B3B1B09C-FE79-402E-BECA-73AEF79DD3B6}.Release|Any CPU.ActiveCfg = Release|Any CPU
		{B3B1B09C-FE79-402E-BECA-73AEF79DD3B6}.Release|Any CPU.Build.0 = Release|Any CPU
		{573B2743-895F-4201-AEE9-2CE2A087D722}.Debug|Any CPU.ActiveCfg = Debug|Any CPU
		{573B2743-895F-4201-AEE9-2CE2A087D722}.Debug|Any CPU.Build.0 = Debug|Any CPU
		{573B2743-895F-4201-AEE9-2CE2A087D722}.Release|Any CPU.ActiveCfg = Release|Any CPU
		{573B2743-895F-4201-AEE9-2CE2A087D722}.Release|Any CPU.Build.0 = Release|Any CPU
	EndGlobalSection
	GlobalSection(SolutionProperties) = preSolution
		HideSolutionNode = FALSE
	EndGlobalSection
EndGlobal
